<?xml version="1.0" encoding="utf-8"?>
<Project xmlns="http://schemas.microsoft.com/developer/msbuild/2003" ToolsVersion="4.0">
  <ItemGroup>
    <Filter Include="Header Files">
      <UniqueIdentifier>{3FFB3CAB-8418-4869-86CB-1030416EE684}</UniqueIdentifier>
      <Extensions>h;hpp</Extensions>
    </Filter>
    <Filter Include="Source Files">
      <UniqueIdentifier>{7A31BB2F-D54B-4362-B18B-6D92C3D2C7AD}</UniqueIdentifier>
      <Extensions>cpp;c</Extensions>
    </Filter>
    <Filter Include="Resource Files">
      <UniqueIdentifier>{CEF9EA58-6896-481D-9D36-EE60718A5D13}</UniqueIdentifier>
      <Extensions>hlsl;jpg;jpeg;png;wav;mp3;ico;dds;rc;obj</Extensions>
    </Filter>
  </ItemGroup>
  <ItemGroup>
    <ClCompile Include="..\..\..\src\button\main.cpp">
      <Filter>Source Files</Filter>
    </ClCompile>
    <ClCompile Include="..\..\..\src\button\pch.cpp">
      <Filter>Source Files</Filter>
    </ClCompile>
    <ClInclude Include="..\..\..\src\button\main.h">
      <Filter>Header Files</Filter>
    </ClInclude>
    <ClInclude Include="..\..\..\src\button\pch.h">
      <Filter>Header Files</Filter>
    </ClInclude>
    <ClInclude Include="..\..\..\src\button\resource.h">
      <Filter>Header Files</Filter>
    </ClInclude>
    <None Include="..\..\..\src\button\app.ico">
      <Filter>Resource Files</Filter>
    </None>
    <None Include="..\..\..\src\button\app.rc">
      <Filter>Resource Files</Filter>
    </None>
    <None Include="..\..\..\src\button\small.ico">
      <Filter>Resource Files</Filter>
    </None>
    <ClCompile Include="..\..\..\src\button\GameManager.cpp">
      <Filter>Source Files</Filter>
    </ClCompile>
    <ClCompile Include="..\..\..\src\button\ButtonChangeColor.cpp">
      <Filter>Source Files</Filter>
    </ClCompile>
    <ClCompile Include="..\..\..\src\button\ButtonQuit.cpp">
      <Filter>Source Files</Filter>
    </ClCompile>
    <ClCompile Include="..\..\..\src\button\Button.cpp">
      <Filter>Source Files</Filter>
    </ClCompile>
  </ItemGroup>
  <ItemGroup>
    <ClInclude Include="..\..\..\src\button\GameManager.h">
      <Filter>Header Files</Filter>
    </ClInclude>
    <ClInclude Include="..\..\..\src\button\ButtonChangeColor.h">
      <Filter>Header Files</Filter>
    </ClInclude>
    <ClInclude Include="..\..\..\src\button\ButtonQuit.h">
      <Filter>Header Files</Filter>
    </ClInclude>
    <ClInclude Include="..\..\..\src\button\Button.h">
      <Filter>Header Files</Filter>
    </ClInclude>
  </ItemGroup>
</Project>